PODS:
  - audioplayers_darwin (0.0.1):
    - FlutterMacOS
  - awesome_notifications (0.0.1):
    - FlutterMacOS
  - Firebase/CoreOnly (10.15.0):
    - FirebaseCore (= 10.15.0)
  - firebase_core (2.17.0):
    - Firebase/CoreOnly (~> 10.15.0)
    - FlutterMacOS
  - FirebaseCore (10.15.0):
    - FirebaseCoreInternal (~> 10.0)
    - GoogleUtilities/Environment (~> 7.8)
    - GoogleUtilities/Logger (~> 7.8)
  - FirebaseCoreInternal (10.16.0):
    - "GoogleUtilities/NSData+zlib (~> 7.8)"
  - FlutterMacOS (1.0.0)
  - FMDB (2.7.5):
    - FMDB/standard (= 2.7.5)
  - FMDB/standard (2.7.5)
  - GoogleUtilities/Environment (7.11.5):
    - PromisesObjC (< 3.0, >= 1.2)
  - GoogleUtilities/Logger (7.11.5):
    - GoogleUtilities/Environment
  - "GoogleUtilities/NSData+zlib (7.11.5)"
  - package_info_plus (0.0.1):
    - FlutterMacOS
  - path_provider_foundation (0.0.1):
    - Flutter
    - FlutterMacOS
  - PromisesObjC (2.3.1)
  - shared_preferences_foundation (0.0.1):
    - Flutter
    - FlutterMacOS
  - sqflite (0.0.2):
    - FlutterMacOS
    - FMDB (>= 2.7.5)
  - wakelock_plus (0.0.1):
    - FlutterMacOS
  - zego_express_engine (3.9.0):
    - FlutterMacOS
  - zego_zim (2.10.0):
    - FlutterMacOS
    - ZIM_macOS (= 2.10.0)
  - ZIM_macOS (2.10.0)

DEPENDENCIES:
  - audioplayers_darwin (from `Flutter/ephemeral/.symlinks/plugins/audioplayers_darwin/macos`)
  - awesome_notifications (from `Flutter/ephemeral/.symlinks/plugins/awesome_notifications/macos`)
  - firebase_core (from `Flutter/ephemeral/.symlinks/plugins/firebase_core/macos`)
  - FlutterMacOS (from `Flutter/ephemeral`)
  - package_info_plus (from `Flutter/ephemeral/.symlinks/plugins/package_info_plus/macos`)
  - path_provider_foundation (from `Flutter/ephemeral/.symlinks/plugins/path_provider_foundation/darwin`)
  - shared_preferences_foundation (from `Flutter/ephemeral/.symlinks/plugins/shared_preferences_foundation/darwin`)
  - sqflite (from `Flutter/ephemeral/.symlinks/plugins/sqflite/macos`)
  - wakelock_plus (from `Flutter/ephemeral/.symlinks/plugins/wakelock_plus/macos`)
  - zego_express_engine (from `Flutter/ephemeral/.symlinks/plugins/zego_express_engine/macos`)
  - zego_zim (from `Flutter/ephemeral/.symlinks/plugins/zego_zim/macos`)

SPEC REPOS:
  trunk:
    - Firebase
    - FirebaseCore
    - FirebaseCoreInternal
    - FMDB
    - GoogleUtilities
    - PromisesObjC
    - ZIM_macOS

EXTERNAL SOURCES:
  audioplayers_darwin:
    :path: Flutter/ephemeral/.symlinks/plugins/audioplayers_darwin/macos
  awesome_notifications:
    :path: Flutter/ephemeral/.symlinks/plugins/awesome_notifications/macos
  firebase_core:
    :path: Flutter/ephemeral/.symlinks/plugins/firebase_core/macos
  FlutterMacOS:
    :path: Flutter/ephemeral
  package_info_plus:
    :path: Flutter/ephemeral/.symlinks/plugins/package_info_plus/macos
  path_provider_foundation:
    :path: Flutter/ephemeral/.symlinks/plugins/path_provider_foundation/darwin
  shared_preferences_foundation:
    :path: Flutter/ephemeral/.symlinks/plugins/shared_preferences_foundation/darwin
  sqflite:
    :path: Flutter/ephemeral/.symlinks/plugins/sqflite/macos
  wakelock_plus:
    :path: Flutter/ephemeral/.symlinks/plugins/wakelock_plus/macos
  zego_express_engine:
    :path: Flutter/ephemeral/.symlinks/plugins/zego_express_engine/macos
  zego_zim:
    :path: Flutter/ephemeral/.symlinks/plugins/zego_zim/macos

SPEC CHECKSUMS:
  audioplayers_darwin: dcad41de4fbd0099cb3749f7ab3b0cb8f70b810c
  awesome_notifications: 428f5c15a700b117418aed09e29c21c5806fcf69
  Firebase: 66043bd4579e5b73811f96829c694c7af8d67435
  firebase_core: 4d1711af1e10f9907f468e04f995c59f60bdc710
  FirebaseCore: 2cec518b43635f96afe7ac3a9c513e47558abd2e
  FirebaseCoreInternal: 26233f705cc4531236818a07ac84d20c333e505a
  FlutterMacOS: 8f6f14fa908a6fb3fba0cd85dbd81ec4b251fb24
  FMDB: 2ce00b547f966261cd18927a3ddb07cb6f3db82a
  GoogleUtilities: 13e2c67ede716b8741c7989e26893d151b2b2084
  package_info_plus: 02d7a575e80f194102bef286361c6c326e4c29ce
  path_provider_foundation: 29f094ae23ebbca9d3d0cec13889cd9060c0e943
  PromisesObjC: c50d2056b5253dadbd6c2bea79b0674bd5a52fa4
  shared_preferences_foundation: 5b919d13b803cadd15ed2dc053125c68730e5126
  sqflite: a5789cceda41d54d23f31d6de539d65bb14100ea
  wakelock_plus: 4783562c9a43d209c458cb9b30692134af456269
  zego_express_engine: 7ea15a51d36edc7e8123460128545657666f4c9a
  zego_zim: 67fdf614cff970c3f0f6eaf07d1d1bcc6c7da440
  ZIM_macOS: b5cc13556f5fff33cf706d2cf0236e4da30fe95f

PODFILE CHECKSUM: 236401fc2c932af29a9fcf0e97baeeb2d750d367

COCOAPODS: 1.13.0
